
Microsoft Visual Studio Solution File, Format Version 12.00
# Visual Studio Version 16
VisualStudioVersion = 16.0.31025.194
MinimumVisualStudioVersion = 10.0.40219.1
Project("{9A19103F-16F7-4668-BE54-9A1E7A4F7556}") = "EncapsulationExercise", "EncapsulationExercise\EncapsulationExercise.csproj", "{F499B47F-D6EA-4526-AF32-B27F42E892D9}"
EndProject
Project("{9A19103F-16F7-4668-BE54-9A1E7A4F7556}") = "Box", "Box\Box.csproj", "{6E272537-B8C5-439F-B544-9C8DA8A94057}"
EndProject
Project("{FAE04EC0-301F-11D3-BF4B-00C04F79EFBC}") = "PizzaCalories", "PizzaCalories\PizzaCalories.csproj", "{297B19D0-780C-4004-885B-A429C25CCBA5}"
EndProject
Global
	GlobalSection(SolutionConfigurationPlatforms) = preSolution
		Debug|Any CPU = Debug|Any CPU
		Release|Any CPU = Release|Any CPU
	EndGlobalSection
	GlobalSection(ProjectConfigurationPlatforms) = postSolution
		{F499B47F-D6EA-4526-AF32-B27F42E892D9}.Debug|Any CPU.ActiveCfg = Debug|Any CPU
		{F499B47F-D6EA-4526-AF32-B27F42E892D9}.Debug|Any CPU.Build.0 = Debug|Any CPU
		{F499B47F-D6EA-4526-AF32-B27F42E892D9}.Release|Any CPU.ActiveCfg = Release|Any CPU
		{F499B47F-D6EA-4526-AF32-B27F42E892D9}.Release|Any CPU.Build.0 = Release|Any CPU
		{6E272537-B8C5-439F-B544-9C8DA8A94057}.Debug|Any CPU.ActiveCfg = Debug|Any CPU
		{6E272537-B8C5-439F-B544-9C8DA8A94057}.Debug|Any CPU.Build.0 = Debug|Any CPU
		{6E272537-B8C5-439F-B544-9C8DA8A94057}.Release|Any CPU.ActiveCfg = Release|Any CPU
		{6E272537-B8C5-439F-B544-9C8DA8A94057}.Release|Any CPU.Build.0 = Release|Any CPU
		{297B19D0-780C-4004-885B-A429C25CCBA5}.Debug|Any CPU.ActiveCfg = Debug|Any CPU
		{297B19D0-780C-4004-885B-A429C25CCBA5}.Debug|Any CPU.Build.0 = Debug|Any CPU
		{297B19D0-780C-4004-885B-A429C25CCBA5}.Release|Any CPU.ActiveCfg = Release|Any CPU
		{297B19D0-780C-4004-885B-A429C25CCBA5}.Release|Any CPU.Build.0 = Release|Any CPU
	EndGlobalSection
	GlobalSection(SolutionProperties) = preSolution
		HideSolutionNode = FALSE
	EndGlobalSection
	GlobalSection(ExtensibilityGlobals) = postSolution
		SolutionGuid = {730914CA-B420-425C-8C43-676C2D919054}
	EndGlobalSection
EndGlobal
