
Microsoft Visual Studio Solution File, Format Version 12.00
# Visual Studio Version 16
VisualStudioVersion = 16.0.31025.194
MinimumVisualStudioVersion = 10.0.40219.1
Project("{FAE04EC0-301F-11D3-BF4B-00C04F79EFBC}") = "RabbitClass", "RabbitClass\RabbitClass.csproj", "{3F6846CA-5FC4-4000-B73C-04154B902D31}"
EndProject
Global
	GlobalSection(SolutionConfigurationPlatforms) = preSolution
		Debug|Any CPU = Debug|Any CPU
		Release|Any CPU = Release|Any CPU
	EndGlobalSection
	GlobalSection(ProjectConfigurationPlatforms) = postSolution
		{3F6846CA-5FC4-4000-B73C-04154B902D31}.Debug|Any CPU.ActiveCfg = Debug|Any CPU
		{3F6846CA-5FC4-4000-B73C-04154B902D31}.Debug|Any CPU.Build.0 = Debug|Any CPU
		{3F6846CA-5FC4-4000-B73C-04154B902D31}.Release|Any CPU.ActiveCfg = Release|Any CPU
		{3F6846CA-5FC4-4000-B73C-04154B902D31}.Release|Any CPU.Build.0 = Release|Any CPU
	EndGlobalSection
	GlobalSection(SolutionProperties) = preSolution
		HideSolutionNode = FALSE
	EndGlobalSection
	GlobalSection(ExtensibilityGlobals) = postSolution
		SolutionGuid = {221F85EB-C3EB-4D49-94C6-6D9673108855}
	EndGlobalSection
EndGlobal
