
Microsoft Visual Studio Solution File, Format Version 12.00
# Visual Studio Version 16
VisualStudioVersion = 16.0.31025.194
MinimumVisualStudioVersion = 10.0.40219.1
Project("{FAE04EC0-301F-11D3-BF4B-00C04F79EFBC}") = "Encaps", "Encaps\Encaps.csproj", "{B26A0425-BD78-434D-87E1-8F5D12C09312}"
EndProject
Project("{FAE04EC0-301F-11D3-BF4B-00C04F79EFBC}") = "Polymorphism", "..\Polymorphism\Polymorphism.csproj", "{A98CA500-363D-4CA8-89DD-B63241C30450}"
EndProject
Global
	GlobalSection(SolutionConfigurationPlatforms) = preSolution
		Debug|Any CPU = Debug|Any CPU
		Release|Any CPU = Release|Any CPU
	EndGlobalSection
	GlobalSection(ProjectConfigurationPlatforms) = postSolution
		{B26A0425-BD78-434D-87E1-8F5D12C09312}.Debug|Any CPU.ActiveCfg = Debug|Any CPU
		{B26A0425-BD78-434D-87E1-8F5D12C09312}.Debug|Any CPU.Build.0 = Debug|Any CPU
		{B26A0425-BD78-434D-87E1-8F5D12C09312}.Release|Any CPU.ActiveCfg = Release|Any CPU
		{B26A0425-BD78-434D-87E1-8F5D12C09312}.Release|Any CPU.Build.0 = Release|Any CPU
		{A98CA500-363D-4CA8-89DD-B63241C30450}.Debug|Any CPU.ActiveCfg = Debug|Any CPU
		{A98CA500-363D-4CA8-89DD-B63241C30450}.Debug|Any CPU.Build.0 = Debug|Any CPU
		{A98CA500-363D-4CA8-89DD-B63241C30450}.Release|Any CPU.ActiveCfg = Release|Any CPU
		{A98CA500-363D-4CA8-89DD-B63241C30450}.Release|Any CPU.Build.0 = Release|Any CPU
	EndGlobalSection
	GlobalSection(SolutionProperties) = preSolution
		HideSolutionNode = FALSE
	EndGlobalSection
	GlobalSection(ExtensibilityGlobals) = postSolution
		SolutionGuid = {217E5875-4402-4032-9945-F2180172BAF3}
	EndGlobalSection
EndGlobal
