
Microsoft Visual Studio Solution File, Format Version 12.00
# Visual Studio Version 16
VisualStudioVersion = 16.0.31025.194
MinimumVisualStudioVersion = 10.0.40219.1
Project("{FAE04EC0-301F-11D3-BF4B-00C04F79EFBC}") = "AnimalsClass", "AnimalsClass\AnimalsClass.csproj", "{C13DDB89-36F9-4743-B2AE-A4D9AB6242FD}"
EndProject
Global
	GlobalSection(SolutionConfigurationPlatforms) = preSolution
		Debug|Any CPU = Debug|Any CPU
		Release|Any CPU = Release|Any CPU
	EndGlobalSection
	GlobalSection(ProjectConfigurationPlatforms) = postSolution
		{C13DDB89-36F9-4743-B2AE-A4D9AB6242FD}.Debug|Any CPU.ActiveCfg = Debug|Any CPU
		{C13DDB89-36F9-4743-B2AE-A4D9AB6242FD}.Debug|Any CPU.Build.0 = Debug|Any CPU
		{C13DDB89-36F9-4743-B2AE-A4D9AB6242FD}.Release|Any CPU.ActiveCfg = Release|Any CPU
		{C13DDB89-36F9-4743-B2AE-A4D9AB6242FD}.Release|Any CPU.Build.0 = Release|Any CPU
	EndGlobalSection
	GlobalSection(SolutionProperties) = preSolution
		HideSolutionNode = FALSE
	EndGlobalSection
	GlobalSection(ExtensibilityGlobals) = postSolution
		SolutionGuid = {2FDF1682-5A83-477C-B365-CB950AC3C24E}
	EndGlobalSection
EndGlobal
