
Microsoft Visual Studio Solution File, Format Version 12.00
# Visual Studio Version 16
VisualStudioVersion = 16.0.31025.194
MinimumVisualStudioVersion = 10.0.40219.1
Project("{FAE04EC0-301F-11D3-BF4B-00C04F79EFBC}") = "ZooEx", "ZooEx\ZooEx.csproj", "{EBD98DD2-EBEB-4344-93BD-06CEFF4A0569}"
EndProject
Global
	GlobalSection(SolutionConfigurationPlatforms) = preSolution
		Debug|Any CPU = Debug|Any CPU
		Release|Any CPU = Release|Any CPU
	EndGlobalSection
	GlobalSection(ProjectConfigurationPlatforms) = postSolution
		{EBD98DD2-EBEB-4344-93BD-06CEFF4A0569}.Debug|Any CPU.ActiveCfg = Debug|Any CPU
		{EBD98DD2-EBEB-4344-93BD-06CEFF4A0569}.Debug|Any CPU.Build.0 = Debug|Any CPU
		{EBD98DD2-EBEB-4344-93BD-06CEFF4A0569}.Release|Any CPU.ActiveCfg = Release|Any CPU
		{EBD98DD2-EBEB-4344-93BD-06CEFF4A0569}.Release|Any CPU.Build.0 = Release|Any CPU
	EndGlobalSection
	GlobalSection(SolutionProperties) = preSolution
		HideSolutionNode = FALSE
	EndGlobalSection
	GlobalSection(ExtensibilityGlobals) = postSolution
		SolutionGuid = {9C6F2655-9D0E-408B-9161-72294C919267}
	EndGlobalSection
EndGlobal
