
Microsoft Visual Studio Solution File, Format Version 12.00
# Visual Studio Version 16
VisualStudioVersion = 16.0.31025.194
MinimumVisualStudioVersion = 10.0.40219.1
Project("{FAE04EC0-301F-11D3-BF4B-00C04F79EFBC}") = "AnimalsEx", "AnimalsEx\AnimalsEx.csproj", "{FF5363E4-24BC-4E96-9284-DF755C4E6A6C}"
EndProject
Global
	GlobalSection(SolutionConfigurationPlatforms) = preSolution
		Debug|Any CPU = Debug|Any CPU
		Release|Any CPU = Release|Any CPU
	EndGlobalSection
	GlobalSection(ProjectConfigurationPlatforms) = postSolution
		{FF5363E4-24BC-4E96-9284-DF755C4E6A6C}.Debug|Any CPU.ActiveCfg = Debug|Any CPU
		{FF5363E4-24BC-4E96-9284-DF755C4E6A6C}.Debug|Any CPU.Build.0 = Debug|Any CPU
		{FF5363E4-24BC-4E96-9284-DF755C4E6A6C}.Release|Any CPU.ActiveCfg = Release|Any CPU
		{FF5363E4-24BC-4E96-9284-DF755C4E6A6C}.Release|Any CPU.Build.0 = Release|Any CPU
	EndGlobalSection
	GlobalSection(SolutionProperties) = preSolution
		HideSolutionNode = FALSE
	EndGlobalSection
	GlobalSection(ExtensibilityGlobals) = postSolution
		SolutionGuid = {E74882BA-54D8-407A-85BB-79C5606E2691}
	EndGlobalSection
EndGlobal
