
Microsoft Visual Studio Solution File, Format Version 12.00
# Visual Studio Version 16
VisualStudioVersion = 16.0.31025.194
MinimumVisualStudioVersion = 10.0.40219.1
Project("{FAE04EC0-301F-11D3-BF4B-00C04F79EFBC}") = "ProductClass", "ProductClass\ProductClass.csproj", "{CE0EA45C-082F-47B0-B07C-BD56DF8AD84A}"
EndProject
Global
	GlobalSection(SolutionConfigurationPlatforms) = preSolution
		Debug|Any CPU = Debug|Any CPU
		Release|Any CPU = Release|Any CPU
	EndGlobalSection
	GlobalSection(ProjectConfigurationPlatforms) = postSolution
		{CE0EA45C-082F-47B0-B07C-BD56DF8AD84A}.Debug|Any CPU.ActiveCfg = Debug|Any CPU
		{CE0EA45C-082F-47B0-B07C-BD56DF8AD84A}.Debug|Any CPU.Build.0 = Debug|Any CPU
		{CE0EA45C-082F-47B0-B07C-BD56DF8AD84A}.Release|Any CPU.ActiveCfg = Release|Any CPU
		{CE0EA45C-082F-47B0-B07C-BD56DF8AD84A}.Release|Any CPU.Build.0 = Release|Any CPU
	EndGlobalSection
	GlobalSection(SolutionProperties) = preSolution
		HideSolutionNode = FALSE
	EndGlobalSection
	GlobalSection(ExtensibilityGlobals) = postSolution
		SolutionGuid = {10CE7CFF-6D22-4525-8B73-4E73036C2E8D}
	EndGlobalSection
EndGlobal
